<?xml version="1.0" encoding="utf-8"?>
<Project ToolsVersion="4.0" xmlns="http://schemas.microsoft.com/developer/msbuild/2003">
  <ItemGroup>
    <ClCompile Include="main.cpp" />
    <ClCompile Include="src\terminate\terminate.cpp" />
    <ClCompile Include="src\scheduler\scheduler.cpp" />
    <ClCompile Include="src\processors\FCFS\FCFS.cpp" />
    <ClCompile Include="src\processors\Round_Robin\Round_Robin.cpp" />
    <ClCompile Include="src\processors\SJF\SJF.cpp" />
    <ClCompile Include="src\gui\gui.cpp" />
    <ClCompile Include="src\criterion\criterion.cpp" />
    <ClCompile Include="src\block\block.cpp" />
    <ClCompile Include="src\wrapper\wrapper.cpp" />
    <ClCompile Include="libs\BSTree\Node\Node.cpp" />
    <ClCompile Include="libs\BSTree\BSTree.cpp" />
    <ClCompile Include="libs\helpers\helpers.cpp" />
  </ItemGroup>
  <ItemGroup>
    <ClInclude Include="src\utils\utils.h" />
    <ClInclude Include="src\terminate\terminate.h" />
    <ClInclude Include="src\scheduler\scheduler.h" />
    <ClInclude Include="src\processors\FCFS\FCFS.h" />
    <ClInclude Include="src\processors\Round_Robin\Round_Robin.h" />
    <ClInclude Include="src\processors\SJF\SJF.h" />
    <ClInclude Include="src\gui\gui.h" />
    <ClInclude Include="src\criterion\criterion.h" />
    <ClInclude Include="src\block\block.h" />
    <ClInclude Include="src\wrapper\wrapper.h" />
    <ClInclude Include="libs\BSTree\Node\Node.h" />
    <ClInclude Include="libs\BSTree\BSTree.h" />
    <ClInclude Include="libs\helpers\helpers.h" />
    <ClInclude Include="src\processors\processor\processor.h" />
    <ClInclude Include="src\criterion\stdafx.h" />
    <ClInclude Include="src\criterion\dependencies.h" />
  </ItemGroup>
</Project>